
Microsoft Visual Studio Solution File, Format Version 12.00
# Visual Studio Version 16
VisualStudioVersion = 16.0.30711.63
MinimumVisualStudioVersion = 10.0.40219.1
Project("{FAE04EC0-301F-11D3-BF4B-00C04F79EFBC}") = "BackEndFinalProject", "BackEndFinalProject\BackEndFinalProject.csproj", "{BD1CE223-B53B-4299-BBC2-D26A94CA6B64}"
EndProject
Global
	GlobalSection(SolutionConfigurationPlatforms) = preSolution
		Debug|Any CPU = Debug|Any CPU
		Release|Any CPU = Release|Any CPU
	EndGlobalSection
	GlobalSection(ProjectConfigurationPlatforms) = postSolution
		{BD1CE223-B53B-4299-BBC2-D26A94CA6B64}.Debug|Any CPU.ActiveCfg = Debug|Any CPU
		{BD1CE223-B53B-4299-BBC2-D26A94CA6B64}.Debug|Any CPU.Build.0 = Debug|Any CPU
		{BD1CE223-B53B-4299-BBC2-D26A94CA6B64}.Release|Any CPU.ActiveCfg = Release|Any CPU
		{BD1CE223-B53B-4299-BBC2-D26A94CA6B64}.Release|Any CPU.Build.0 = Release|Any CPU
	EndGlobalSection
	GlobalSection(SolutionProperties) = preSolution
		HideSolutionNode = FALSE
	EndGlobalSection
	GlobalSection(ExtensibilityGlobals) = postSolution
		SolutionGuid = {D2948AD8-99A9-471B-BFCF-9A4189C62A29}
	EndGlobalSection
EndGlobal
